// !$*UTF8*$!
{
	archiveVersion = 1;
	classes = {
	};
	objectVersion = 56;
	objects = {

/* Begin PBXBuildFile section */
		AA0000000000000000000001 /* SmokeTests.swift in Sources */ = {isa = PBXBuildFile; fileRef = AA0000000000000000000010 /* SmokeTests.swift */; };
		AA0000000000000000000020 /* InnosDimmerApp.swift in Sources */ = {isa = PBXBuildFile; fileRef = AA0000000000000000000023 /* InnosDimmerApp.swift */; };
		AA0000000000000000000021 /* AppDelegate.swift in Sources */ = {isa = PBXBuildFile; fileRef = AA0000000000000000000024 /* AppDelegate.swift */; };
		AA0000000000000000000022 /* MenuBarController.swift in Sources */ = {isa = PBXBuildFile; fileRef = AA0000000000000000000025 /* MenuBarController.swift */; };
		AA0000000000000000000027 /* BrightnessStateTests.swift in Sources */ = {isa = PBXBuildFile; fileRef = AA0000000000000000000029 /* BrightnessStateTests.swift */; };
		AA0000000000000000000028 /* ScheduleEntryTests.swift in Sources */ = {isa = PBXBuildFile; fileRef = AA000000000000000000002A /* ScheduleEntryTests.swift */; };
		AA0000000000000000000030 /* DisplayIdentity.swift in Sources */ = {isa = PBXBuildFile; fileRef = AA000000000000000000003B /* DisplayIdentity.swift */; };
		AA0000000000000000000031 /* DimmingMode.swift in Sources */ = {isa = PBXBuildFile; fileRef = AA000000000000000000003C /* DimmingMode.swift */; };
		AA0000000000000000000032 /* HardwareCapability.swift in Sources */ = {isa = PBXBuildFile; fileRef = AA000000000000000000003D /* HardwareCapability.swift */; };
		AA0000000000000000000033 /* BrightnessCommand.swift in Sources */ = {isa = PBXBuildFile; fileRef = AA000000000000000000003E /* BrightnessCommand.swift */; };
		AA0000000000000000000034 /* BrightnessState.swift in Sources */ = {isa = PBXBuildFile; fileRef = AA000000000000000000003F /* BrightnessState.swift */; };
		AA0000000000000000000035 /* ScheduleEntry.swift in Sources */ = {isa = PBXBuildFile; fileRef = AA0000000000000000000040 /* ScheduleEntry.swift */; };
		AA0000000000000000000036 /* ShortcutBinding.swift in Sources */ = {isa = PBXBuildFile; fileRef = AA0000000000000000000041 /* ShortcutBinding.swift */; };
		AA0000000000000000000037 /* ProbeStep.swift in Sources */ = {isa = PBXBuildFile; fileRef = AA0000000000000000000042 /* ProbeStep.swift */; };
		AA0000000000000000000038 /* SettingsSnapshot.swift in Sources */ = {isa = PBXBuildFile; fileRef = AA0000000000000000000043 /* SettingsSnapshot.swift */; };
		AA0000000000000000000039 /* Clamped.swift in Sources */ = {isa = PBXBuildFile; fileRef = AA0000000000000000000044 /* Clamped.swift */; };
		AA000000000000000000003A /* DisplayTargetStore.swift in Sources */ = {isa = PBXBuildFile; fileRef = AA0000000000000000000045 /* DisplayTargetStore.swift */; };
		AA0000000000000000000048 /* SettingsSnapshotTests.swift in Sources */ = {isa = PBXBuildFile; fileRef = AA0000000000000000000049 /* SettingsSnapshotTests.swift */; };
		AA000000000000000000004A /* MenuBarStateTests.swift in Sources */ = {isa = PBXBuildFile; fileRef = AA000000000000000000004B /* MenuBarStateTests.swift */; };
		AA000000000000000000004C /* StatusBadgeView.swift in Sources */ = {isa = PBXBuildFile; fileRef = AA0000000000000000000050 /* StatusBadgeView.swift */; };
		AA000000000000000000004D /* MenuBarPopoverView.swift in Sources */ = {isa = PBXBuildFile; fileRef = AA0000000000000000000051 /* MenuBarPopoverView.swift */; };
		AA000000000000000000004E /* SettingsWindowController.swift in Sources */ = {isa = PBXBuildFile; fileRef = AA0000000000000000000052 /* SettingsWindowController.swift */; };
		AA000000000000000000004F /* BrightnessController.swift in Sources */ = {isa = PBXBuildFile; fileRef = AA0000000000000000000053 /* BrightnessController.swift */; };
		AA0000000000000000000054 /* DisplayTargetStoreTests.swift in Sources */ = {isa = PBXBuildFile; fileRef = AA0000000000000000000055 /* DisplayTargetStoreTests.swift */; };
		AA0000000000000000000056 /* DisplayTargetResolver.swift in Sources */ = {isa = PBXBuildFile; fileRef = AA0000000000000000000058 /* DisplayTargetResolver.swift */; };
		AA0000000000000000000057 /* DisplayInventory.swift in Sources */ = {isa = PBXBuildFile; fileRef = AA0000000000000000000059 /* DisplayInventory.swift */; };
		AA000000000000000000005A /* SoftwareDimmingControllerTests.swift in Sources */ = {isa = PBXBuildFile; fileRef = AA000000000000000000005B /* SoftwareDimmingControllerTests.swift */; };
		AA000000000000000000005C /* SoftwareDimmingController.swift in Sources */ = {isa = PBXBuildFile; fileRef = AA000000000000000000005F /* SoftwareDimmingController.swift */; };
		AA000000000000000000005D /* OverlayWindowManager.swift in Sources */ = {isa = PBXBuildFile; fileRef = AA0000000000000000000060 /* OverlayWindowManager.swift */; };
		AA000000000000000000005E /* GammaDimmingController.swift in Sources */ = {isa = PBXBuildFile; fileRef = AA0000000000000000000061 /* GammaDimmingController.swift */; };
		AA0000000000000000000062 /* HardwareDDCControllerTests.swift in Sources */ = {isa = PBXBuildFile; fileRef = AA0000000000000000000063 /* HardwareDDCControllerTests.swift */; };
		AA0000000000000000000064 /* HardwareDDCController.swift in Sources */ = {isa = PBXBuildFile; fileRef = AA0000000000000000000068 /* HardwareDDCController.swift */; };
		AA0000000000000000000065 /* CapabilityProbe.swift in Sources */ = {isa = PBXBuildFile; fileRef = AA0000000000000000000069 /* CapabilityProbe.swift */; };
		AA0000000000000000000066 /* DiagnosticsExporter.swift in Sources */ = {isa = PBXBuildFile; fileRef = AA000000000000000000006A /* DiagnosticsExporter.swift */; };
		AA000000000000000000006B /* BrightnessControllerTests.swift in Sources */ = {isa = PBXBuildFile; fileRef = AA000000000000000000006C /* BrightnessControllerTests.swift */; };
/* End PBXBuildFile section */

/* Begin PBXContainerItemProxy section */
		AA0000000000000000000002 /* PBXContainerItemProxy */ = {
			isa = PBXContainerItemProxy;
			containerPortal = AA0000000000000000000003 /* Project object */;
			proxyType = 1;
			remoteGlobalIDString = AA0000000000000000000004;
			remoteInfo = InnosDimmer;
		};
/* End PBXContainerItemProxy section */

/* Begin PBXFileReference section */
		AA0000000000000000000005 /* InnosDimmer.app */ = {isa = PBXFileReference; explicitFileType = wrapper.application; includeInIndex = 0; path = InnosDimmer.app; sourceTree = BUILT_PRODUCTS_DIR; };
		AA0000000000000000000006 /* InnosDimmerTests.xctest */ = {isa = PBXFileReference; explicitFileType = wrapper.cfbundle; includeInIndex = 0; path = InnosDimmerTests.xctest; sourceTree = BUILT_PRODUCTS_DIR; };
		AA0000000000000000000007 /* Info.plist */ = {isa = PBXFileReference; lastKnownFileType = text.plist.xml; path = App/Info.plist; sourceTree = "<group>"; };
		AA0000000000000000000010 /* SmokeTests.swift */ = {isa = PBXFileReference; lastKnownFileType = sourcecode.swift; path = SmokeTests.swift; sourceTree = "<group>"; };
		AA0000000000000000000023 /* InnosDimmerApp.swift */ = {isa = PBXFileReference; lastKnownFileType = sourcecode.swift; path = InnosDimmerApp.swift; sourceTree = "<group>"; };
		AA0000000000000000000024 /* AppDelegate.swift */ = {isa = PBXFileReference; lastKnownFileType = sourcecode.swift; path = AppDelegate.swift; sourceTree = "<group>"; };
		AA0000000000000000000025 /* MenuBarController.swift */ = {isa = PBXFileReference; lastKnownFileType = sourcecode.swift; path = MenuBarController.swift; sourceTree = "<group>"; };
		AA0000000000000000000029 /* BrightnessStateTests.swift */ = {isa = PBXFileReference; lastKnownFileType = sourcecode.swift; path = BrightnessStateTests.swift; sourceTree = "<group>"; };
		AA000000000000000000002A /* ScheduleEntryTests.swift */ = {isa = PBXFileReference; lastKnownFileType = sourcecode.swift; path = ScheduleEntryTests.swift; sourceTree = "<group>"; };
		AA000000000000000000003B /* DisplayIdentity.swift */ = {isa = PBXFileReference; lastKnownFileType = sourcecode.swift; path = DisplayIdentity.swift; sourceTree = "<group>"; };
		AA000000000000000000003C /* DimmingMode.swift */ = {isa = PBXFileReference; lastKnownFileType = sourcecode.swift; path = DimmingMode.swift; sourceTree = "<group>"; };
		AA000000000000000000003D /* HardwareCapability.swift */ = {isa = PBXFileReference; lastKnownFileType = sourcecode.swift; path = HardwareCapability.swift; sourceTree = "<group>"; };
		AA000000000000000000003E /* BrightnessCommand.swift */ = {isa = PBXFileReference; lastKnownFileType = sourcecode.swift; path = BrightnessCommand.swift; sourceTree = "<group>"; };
		AA000000000000000000003F /* BrightnessState.swift */ = {isa = PBXFileReference; lastKnownFileType = sourcecode.swift; path = BrightnessState.swift; sourceTree = "<group>"; };
		AA0000000000000000000040 /* ScheduleEntry.swift */ = {isa = PBXFileReference; lastKnownFileType = sourcecode.swift; path = ScheduleEntry.swift; sourceTree = "<group>"; };
		AA0000000000000000000041 /* ShortcutBinding.swift */ = {isa = PBXFileReference; lastKnownFileType = sourcecode.swift; path = ShortcutBinding.swift; sourceTree = "<group>"; };
		AA0000000000000000000042 /* ProbeStep.swift */ = {isa = PBXFileReference; lastKnownFileType = sourcecode.swift; path = ProbeStep.swift; sourceTree = "<group>"; };
		AA0000000000000000000043 /* SettingsSnapshot.swift */ = {isa = PBXFileReference; lastKnownFileType = sourcecode.swift; path = SettingsSnapshot.swift; sourceTree = "<group>"; };
		AA0000000000000000000044 /* Clamped.swift */ = {isa = PBXFileReference; lastKnownFileType = sourcecode.swift; path = Clamped.swift; sourceTree = "<group>"; };
		AA0000000000000000000045 /* DisplayTargetStore.swift */ = {isa = PBXFileReference; lastKnownFileType = sourcecode.swift; path = DisplayTargetStore.swift; sourceTree = "<group>"; };
		AA0000000000000000000049 /* SettingsSnapshotTests.swift */ = {isa = PBXFileReference; lastKnownFileType = sourcecode.swift; path = SettingsSnapshotTests.swift; sourceTree = "<group>"; };
		AA000000000000000000004B /* MenuBarStateTests.swift */ = {isa = PBXFileReference; lastKnownFileType = sourcecode.swift; path = MenuBarStateTests.swift; sourceTree = "<group>"; };
		AA0000000000000000000050 /* StatusBadgeView.swift */ = {isa = PBXFileReference; lastKnownFileType = sourcecode.swift; path = StatusBadgeView.swift; sourceTree = "<group>"; };
		AA0000000000000000000051 /* MenuBarPopoverView.swift */ = {isa = PBXFileReference; lastKnownFileType = sourcecode.swift; path = MenuBarPopoverView.swift; sourceTree = "<group>"; };
		AA0000000000000000000052 /* SettingsWindowController.swift */ = {isa = PBXFileReference; lastKnownFileType = sourcecode.swift; path = SettingsWindowController.swift; sourceTree = "<group>"; };
		AA0000000000000000000053 /* BrightnessController.swift */ = {isa = PBXFileReference; lastKnownFileType = sourcecode.swift; path = BrightnessController.swift; sourceTree = "<group>"; };
		AA0000000000000000000055 /* DisplayTargetStoreTests.swift */ = {isa = PBXFileReference; lastKnownFileType = sourcecode.swift; path = DisplayTargetStoreTests.swift; sourceTree = "<group>"; };
		AA0000000000000000000058 /* DisplayTargetResolver.swift */ = {isa = PBXFileReference; lastKnownFileType = sourcecode.swift; path = DisplayTargetResolver.swift; sourceTree = "<group>"; };
		AA0000000000000000000059 /* DisplayInventory.swift */ = {isa = PBXFileReference; lastKnownFileType = sourcecode.swift; path = DisplayInventory.swift; sourceTree = "<group>"; };
		AA000000000000000000005B /* SoftwareDimmingControllerTests.swift */ = {isa = PBXFileReference; lastKnownFileType = sourcecode.swift; path = SoftwareDimmingControllerTests.swift; sourceTree = "<group>"; };
		AA000000000000000000005F /* SoftwareDimmingController.swift */ = {isa = PBXFileReference; lastKnownFileType = sourcecode.swift; path = SoftwareDimmingController.swift; sourceTree = "<group>"; };
		AA0000000000000000000060 /* OverlayWindowManager.swift */ = {isa = PBXFileReference; lastKnownFileType = sourcecode.swift; path = OverlayWindowManager.swift; sourceTree = "<group>"; };
		AA0000000000000000000061 /* GammaDimmingController.swift */ = {isa = PBXFileReference; lastKnownFileType = sourcecode.swift; path = GammaDimmingController.swift; sourceTree = "<group>"; };
		AA0000000000000000000063 /* HardwareDDCControllerTests.swift */ = {isa = PBXFileReference; lastKnownFileType = sourcecode.swift; path = HardwareDDCControllerTests.swift; sourceTree = "<group>"; };
		AA0000000000000000000068 /* HardwareDDCController.swift */ = {isa = PBXFileReference; lastKnownFileType = sourcecode.swift; path = HardwareDDCController.swift; sourceTree = "<group>"; };
		AA0000000000000000000069 /* CapabilityProbe.swift */ = {isa = PBXFileReference; lastKnownFileType = sourcecode.swift; path = CapabilityProbe.swift; sourceTree = "<group>"; };
		AA000000000000000000006A /* DiagnosticsExporter.swift */ = {isa = PBXFileReference; lastKnownFileType = sourcecode.swift; path = DiagnosticsExporter.swift; sourceTree = "<group>"; };
		AA000000000000000000006C /* BrightnessControllerTests.swift */ = {isa = PBXFileReference; lastKnownFileType = sourcecode.swift; path = BrightnessControllerTests.swift; sourceTree = "<group>"; };
/* End PBXFileReference section */

/* Begin PBXFrameworksBuildPhase section */
		AA0000000000000000000008 /* Frameworks */ = {
			isa = PBXFrameworksBuildPhase;
			buildActionMask = 2147483647;
			files = (
			);
			runOnlyForDeploymentPostprocessing = 0;
		};
		AA0000000000000000000009 /* Frameworks */ = {
			isa = PBXFrameworksBuildPhase;
			buildActionMask = 2147483647;
			files = (
			);
			runOnlyForDeploymentPostprocessing = 0;
		};
/* End PBXFrameworksBuildPhase section */

/* Begin PBXGroup section */
		AA000000000000000000000A = {
			isa = PBXGroup;
			children = (
				AA000000000000000000000B /* InnosDimmer */,
				AA000000000000000000000C /* InnosDimmerTests */,
				AA000000000000000000000D /* Products */,
			);
			sourceTree = "<group>";
		};
		AA000000000000000000000B /* InnosDimmer */ = {
			isa = PBXGroup;
			children = (
				AA000000000000000000000E /* App */,
				AA0000000000000000000026 /* UI */,
				AA0000000000000000000046 /* Domain */,
				AA0000000000000000000047 /* Services */,
				AA0000000000000000000067 /* Diagnostics */,
			);
			path = InnosDimmer;
			sourceTree = "<group>";
		};
		AA0000000000000000000067 /* Diagnostics */ = {
			isa = PBXGroup;
			children = (
				AA0000000000000000000069 /* CapabilityProbe.swift */,
				AA000000000000000000006A /* DiagnosticsExporter.swift */,
			);
			path = Diagnostics;
			sourceTree = "<group>";
		};
		AA000000000000000000000E /* App */ = {
			isa = PBXGroup;
			children = (
				AA0000000000000000000023 /* InnosDimmerApp.swift */,
				AA0000000000000000000024 /* AppDelegate.swift */,
				AA0000000000000000000007 /* Info.plist */,
			);
			path = App;
			sourceTree = "<group>";
		};
		AA0000000000000000000026 /* UI */ = {
			isa = PBXGroup;
			children = (
				AA0000000000000000000025 /* MenuBarController.swift */,
				AA0000000000000000000051 /* MenuBarPopoverView.swift */,
				AA0000000000000000000052 /* SettingsWindowController.swift */,
				AA0000000000000000000050 /* StatusBadgeView.swift */,
			);
			path = UI;
			sourceTree = "<group>";
		};
		AA0000000000000000000046 /* Domain */ = {
			isa = PBXGroup;
			children = (
				AA0000000000000000000044 /* Clamped.swift */,
				AA000000000000000000003E /* BrightnessCommand.swift */,
				AA000000000000000000003F /* BrightnessState.swift */,
				AA000000000000000000003B /* DisplayIdentity.swift */,
				AA000000000000000000003C /* DimmingMode.swift */,
				AA000000000000000000003D /* HardwareCapability.swift */,
				AA0000000000000000000042 /* ProbeStep.swift */,
				AA0000000000000000000040 /* ScheduleEntry.swift */,
				AA0000000000000000000043 /* SettingsSnapshot.swift */,
				AA0000000000000000000041 /* ShortcutBinding.swift */,
			);
			path = Domain;
			sourceTree = "<group>";
		};
		AA0000000000000000000047 /* Services */ = {
			isa = PBXGroup;
			children = (
				AA0000000000000000000053 /* BrightnessController.swift */,
				AA0000000000000000000059 /* DisplayInventory.swift */,
				AA0000000000000000000058 /* DisplayTargetResolver.swift */,
				AA0000000000000000000045 /* DisplayTargetStore.swift */,
				AA0000000000000000000061 /* GammaDimmingController.swift */,
				AA0000000000000000000068 /* HardwareDDCController.swift */,
				AA0000000000000000000060 /* OverlayWindowManager.swift */,
				AA000000000000000000005F /* SoftwareDimmingController.swift */,
			);
			path = Services;
			sourceTree = "<group>";
		};
		AA000000000000000000000C /* InnosDimmerTests */ = {
			isa = PBXGroup;
			children = (
				AA0000000000000000000010 /* SmokeTests.swift */,
				AA0000000000000000000029 /* BrightnessStateTests.swift */,
				AA000000000000000000002A /* ScheduleEntryTests.swift */,
				AA0000000000000000000049 /* SettingsSnapshotTests.swift */,
				AA000000000000000000004B /* MenuBarStateTests.swift */,
				AA0000000000000000000055 /* DisplayTargetStoreTests.swift */,
				AA000000000000000000005B /* SoftwareDimmingControllerTests.swift */,
				AA0000000000000000000063 /* HardwareDDCControllerTests.swift */,
				AA000000000000000000006C /* BrightnessControllerTests.swift */,
			);
			path = InnosDimmerTests;
			sourceTree = "<group>";
		};
		AA000000000000000000000D /* Products */ = {
			isa = PBXGroup;
			children = (
				AA0000000000000000000005 /* InnosDimmer.app */,
				AA0000000000000000000006 /* InnosDimmerTests.xctest */,
			);
			name = Products;
			sourceTree = "<group>";
		};
/* End PBXGroup section */

/* Begin PBXNativeTarget section */
		AA0000000000000000000004 /* InnosDimmer */ = {
			isa = PBXNativeTarget;
			buildConfigurationList = AA0000000000000000000011 /* Build configuration list for PBXNativeTarget "InnosDimmer" */;
			buildPhases = (
				AA0000000000000000000012 /* Sources */,
				AA0000000000000000000008 /* Frameworks */,
				AA0000000000000000000013 /* Resources */,
			);
			buildRules = (
			);
			dependencies = (
			);
			name = InnosDimmer;
			productName = InnosDimmer;
			productReference = AA0000000000000000000005 /* InnosDimmer.app */;
			productType = "com.apple.product-type.application";
		};
		AA0000000000000000000014 /* InnosDimmerTests */ = {
			isa = PBXNativeTarget;
			buildConfigurationList = AA0000000000000000000015 /* Build configuration list for PBXNativeTarget "InnosDimmerTests" */;
			buildPhases = (
				AA0000000000000000000016 /* Sources */,
				AA0000000000000000000009 /* Frameworks */,
				AA0000000000000000000017 /* Resources */,
			);
			buildRules = (
			);
			dependencies = (
				AA0000000000000000000018 /* PBXTargetDependency */,
			);
			name = InnosDimmerTests;
			productName = InnosDimmerTests;
			productReference = AA0000000000000000000006 /* InnosDimmerTests.xctest */;
			productType = "com.apple.product-type.bundle.unit-test";
		};
/* End PBXNativeTarget section */

/* Begin PBXProject section */
		AA0000000000000000000003 /* Project object */ = {
			isa = PBXProject;
			attributes = {
				BuildIndependentTargetsInParallel = 1;
				LastSwiftUpdateCheck = 2650;
				LastUpgradeCheck = 2650;
				TargetAttributes = {
					AA0000000000000000000004 = {
						CreatedOnToolsVersion = 26.5;
					};
					AA0000000000000000000014 = {
						CreatedOnToolsVersion = 26.5;
						TestTargetID = AA0000000000000000000004;
					};
				};
			};
			buildConfigurationList = AA0000000000000000000019 /* Build configuration list for PBXProject "InnosDimmer" */;
			compatibilityVersion = "Xcode 14.0";
			developmentRegion = en;
			hasScannedForEncodings = 0;
			knownRegions = (
				en,
				Base,
			);
			mainGroup = AA000000000000000000000A;
			productRefGroup = AA000000000000000000000D /* Products */;
			projectDirPath = "";
			projectRoot = "";
			targets = (
				AA0000000000000000000004 /* InnosDimmer */,
				AA0000000000000000000014 /* InnosDimmerTests */,
			);
		};
/* End PBXProject section */

/* Begin PBXResourcesBuildPhase section */
		AA0000000000000000000013 /* Resources */ = {
			isa = PBXResourcesBuildPhase;
			buildActionMask = 2147483647;
			files = (
			);
			runOnlyForDeploymentPostprocessing = 0;
		};
		AA0000000000000000000017 /* Resources */ = {
			isa = PBXResourcesBuildPhase;
			buildActionMask = 2147483647;
			files = (
			);
			runOnlyForDeploymentPostprocessing = 0;
		};
/* End PBXResourcesBuildPhase section */

/* Begin PBXSourcesBuildPhase section */
		AA0000000000000000000012 /* Sources */ = {
			isa = PBXSourcesBuildPhase;
			buildActionMask = 2147483647;
			files = (
				AA0000000000000000000020 /* InnosDimmerApp.swift in Sources */,
				AA0000000000000000000021 /* AppDelegate.swift in Sources */,
				AA0000000000000000000022 /* MenuBarController.swift in Sources */,
				AA000000000000000000004D /* MenuBarPopoverView.swift in Sources */,
				AA000000000000000000004E /* SettingsWindowController.swift in Sources */,
				AA000000000000000000004C /* StatusBadgeView.swift in Sources */,
				AA0000000000000000000039 /* Clamped.swift in Sources */,
				AA0000000000000000000033 /* BrightnessCommand.swift in Sources */,
				AA0000000000000000000034 /* BrightnessState.swift in Sources */,
				AA0000000000000000000030 /* DisplayIdentity.swift in Sources */,
				AA0000000000000000000031 /* DimmingMode.swift in Sources */,
				AA0000000000000000000032 /* HardwareCapability.swift in Sources */,
				AA0000000000000000000037 /* ProbeStep.swift in Sources */,
				AA0000000000000000000035 /* ScheduleEntry.swift in Sources */,
				AA0000000000000000000038 /* SettingsSnapshot.swift in Sources */,
				AA0000000000000000000036 /* ShortcutBinding.swift in Sources */,
				AA000000000000000000004F /* BrightnessController.swift in Sources */,
				AA0000000000000000000057 /* DisplayInventory.swift in Sources */,
				AA0000000000000000000056 /* DisplayTargetResolver.swift in Sources */,
				AA000000000000000000003A /* DisplayTargetStore.swift in Sources */,
				AA000000000000000000005E /* GammaDimmingController.swift in Sources */,
				AA000000000000000000005D /* OverlayWindowManager.swift in Sources */,
				AA000000000000000000005C /* SoftwareDimmingController.swift in Sources */,
				AA0000000000000000000064 /* HardwareDDCController.swift in Sources */,
				AA0000000000000000000065 /* CapabilityProbe.swift in Sources */,
				AA0000000000000000000066 /* DiagnosticsExporter.swift in Sources */,
			);
			runOnlyForDeploymentPostprocessing = 0;
		};
		AA0000000000000000000016 /* Sources */ = {
			isa = PBXSourcesBuildPhase;
			buildActionMask = 2147483647;
			files = (
				AA0000000000000000000001 /* SmokeTests.swift in Sources */,
				AA0000000000000000000027 /* BrightnessStateTests.swift in Sources */,
				AA0000000000000000000028 /* ScheduleEntryTests.swift in Sources */,
				AA0000000000000000000048 /* SettingsSnapshotTests.swift in Sources */,
				AA000000000000000000004A /* MenuBarStateTests.swift in Sources */,
				AA0000000000000000000054 /* DisplayTargetStoreTests.swift in Sources */,
				AA000000000000000000005A /* SoftwareDimmingControllerTests.swift in Sources */,
				AA0000000000000000000062 /* HardwareDDCControllerTests.swift in Sources */,
				AA000000000000000000006B /* BrightnessControllerTests.swift in Sources */,
			);
			runOnlyForDeploymentPostprocessing = 0;
		};
/* End PBXSourcesBuildPhase section */

/* Begin PBXTargetDependency section */
		AA0000000000000000000018 /* PBXTargetDependency */ = {
			isa = PBXTargetDependency;
			target = AA0000000000000000000004 /* InnosDimmer */;
			targetProxy = AA0000000000000000000002 /* PBXContainerItemProxy */;
		};
/* End PBXTargetDependency section */

/* Begin XCBuildConfiguration section */
		AA000000000000000000001A /* Debug */ = {
			isa = XCBuildConfiguration;
			buildSettings = {
				ALWAYS_SEARCH_USER_PATHS = NO;
				CLANG_ANALYZER_NONNULL = YES;
				CLANG_ANALYZER_NUMBER_OBJECT_CONVERSION = YES_AGGRESSIVE;
				CLANG_CXX_LANGUAGE_STANDARD = "gnu++20";
				CLANG_ENABLE_MODULES = YES;
				CLANG_ENABLE_OBJC_ARC = YES;
				CLANG_ENABLE_OBJC_WEAK = YES;
				CLANG_WARN_BLOCK_CAPTURE_AUTORELEASING = YES;
				CLANG_WARN_BOOL_CONVERSION = YES;
				CLANG_WARN_COMMA = YES;
				CLANG_WARN_CONSTANT_CONVERSION = YES;
				CLANG_WARN_DEPRECATED_OBJC_IMPLEMENTATIONS = YES;
				CLANG_WARN_DIRECT_OBJC_ISA_USAGE = YES_ERROR;
				CLANG_WARN_DOCUMENTATION_COMMENTS = YES;
				CLANG_WARN_EMPTY_BODY = YES;
				CLANG_WARN_ENUM_CONVERSION = YES;
				CLANG_WARN_INFINITE_RECURSION = YES;
				CLANG_WARN_INT_CONVERSION = YES;
				CLANG_WARN_NON_LITERAL_NULL_CONVERSION = YES;
				CLANG_WARN_OBJC_IMPLICIT_RETAIN_SELF = YES;
				CLANG_WARN_OBJC_LITERAL_CONVERSION = YES;
				CLANG_WARN_OBJC_ROOT_CLASS = YES_ERROR;
				CLANG_WARN_QUOTED_INCLUDE_IN_FRAMEWORK_HEADER = YES;
				CLANG_WARN_RANGE_LOOP_ANALYSIS = YES;
				CLANG_WARN_STRICT_PROTOTYPES = YES;
				CLANG_WARN_SUSPICIOUS_MOVE = YES;
				CLANG_WARN_UNGUARDED_AVAILABILITY = YES_AGGRESSIVE;
				CLANG_WARN_UNREACHABLE_CODE = YES;
				CLANG_WARN__DUPLICATE_METHOD_MATCH = YES;
				COPY_PHASE_STRIP = NO;
				DEBUG_INFORMATION_FORMAT = dwarf;
				ENABLE_STRICT_OBJC_MSGSEND = YES;
				ENABLE_TESTABILITY = YES;
				ENABLE_USER_SCRIPT_SANDBOXING = YES;
				GCC_C_LANGUAGE_STANDARD = gnu17;
				GCC_DYNAMIC_NO_PIC = NO;
				GCC_NO_COMMON_BLOCKS = YES;
				GCC_OPTIMIZATION_LEVEL = 0;
				GCC_PREPROCESSOR_DEFINITIONS = (
					"DEBUG=1",
					"$(inherited)",
				);
				GCC_WARN_64_TO_32_BIT_CONVERSION = YES;
				GCC_WARN_ABOUT_RETURN_TYPE = YES_ERROR;
				GCC_WARN_UNDECLARED_SELECTOR = YES;
				GCC_WARN_UNINITIALIZED_AUTOS = YES_AGGRESSIVE;
				GCC_WARN_UNUSED_FUNCTION = YES;
				GCC_WARN_UNUSED_VARIABLE = YES;
				MACOSX_DEPLOYMENT_TARGET = 14.0;
				MTL_ENABLE_DEBUG_INFO = INCLUDE_SOURCE;
				MTL_FAST_MATH = YES;
				ONLY_ACTIVE_ARCH = YES;
				SDKROOT = macosx;
				SWIFT_ACTIVE_COMPILATION_CONDITIONS = DEBUG;
				SWIFT_OPTIMIZATION_LEVEL = "-Onone";
			};
			name = Debug;
		};
		AA000000000000000000001B /* Release */ = {
			isa = XCBuildConfiguration;
			buildSettings = {
				ALWAYS_SEARCH_USER_PATHS = NO;
				COPY_PHASE_STRIP = NO;
				DEBUG_INFORMATION_FORMAT = "dwarf-with-dsym";
				ENABLE_NS_ASSERTIONS = NO;
				MACOSX_DEPLOYMENT_TARGET = 14.0;
				SDKROOT = macosx;
				SWIFT_COMPILATION_MODE = wholemodule;
				SWIFT_OPTIMIZATION_LEVEL = "-O";
			};
			name = Release;
		};
		AA000000000000000000001C /* Debug */ = {
			isa = XCBuildConfiguration;
			buildSettings = {
				ASSETCATALOG_COMPILER_APPICON_NAME = "";
				CODE_SIGNING_ALLOWED = NO;
				CODE_SIGN_STYLE = Automatic;
				COMBINE_HIDPI_IMAGES = YES;
				DEVELOPMENT_TEAM = "";
				GENERATE_INFOPLIST_FILE = NO;
				INFOPLIST_FILE = InnosDimmer/App/Info.plist;
				LD_RUNPATH_SEARCH_PATHS = (
					"$(inherited)",
					"@executable_path/../Frameworks",
				);
				MARKETING_VERSION = 0.1.0;
				PRODUCT_BUNDLE_IDENTIFIER = local.moonsoo.InnosDimmer;
				PRODUCT_NAME = "$(TARGET_NAME)";
				SWIFT_VERSION = 6.0;
			};
			name = Debug;
		};
		AA000000000000000000001D /* Release */ = {
			isa = XCBuildConfiguration;
			buildSettings = {
				CODE_SIGNING_ALLOWED = NO;
				CODE_SIGN_STYLE = Automatic;
				GENERATE_INFOPLIST_FILE = NO;
				INFOPLIST_FILE = InnosDimmer/App/Info.plist;
				MARKETING_VERSION = 0.1.0;
				PRODUCT_BUNDLE_IDENTIFIER = local.moonsoo.InnosDimmer;
				PRODUCT_NAME = "$(TARGET_NAME)";
				SWIFT_VERSION = 6.0;
			};
			name = Release;
		};
		AA000000000000000000001E /* Debug */ = {
			isa = XCBuildConfiguration;
			buildSettings = {
				BUNDLE_LOADER = "$(TEST_HOST)";
				CODE_SIGNING_ALLOWED = NO;
				GENERATE_INFOPLIST_FILE = YES;
				MACOSX_DEPLOYMENT_TARGET = 14.0;
				PRODUCT_BUNDLE_IDENTIFIER = local.moonsoo.InnosDimmerTests;
				PRODUCT_NAME = "$(TARGET_NAME)";
				SWIFT_VERSION = 6.0;
				TEST_HOST = "$(BUILT_PRODUCTS_DIR)/InnosDimmer.app/$(BUNDLE_EXECUTABLE_FOLDER_PATH)/InnosDimmer";
			};
			name = Debug;
		};
		AA000000000000000000001F /* Release */ = {
			isa = XCBuildConfiguration;
			buildSettings = {
				BUNDLE_LOADER = "$(TEST_HOST)";
				CODE_SIGNING_ALLOWED = NO;
				GENERATE_INFOPLIST_FILE = YES;
				MACOSX_DEPLOYMENT_TARGET = 14.0;
				PRODUCT_BUNDLE_IDENTIFIER = local.moonsoo.InnosDimmerTests;
				PRODUCT_NAME = "$(TARGET_NAME)";
				SWIFT_VERSION = 6.0;
				TEST_HOST = "$(BUILT_PRODUCTS_DIR)/InnosDimmer.app/$(BUNDLE_EXECUTABLE_FOLDER_PATH)/InnosDimmer";
			};
			name = Release;
		};
/* End XCBuildConfiguration section */

/* Begin XCConfigurationList section */
		AA0000000000000000000019 /* Build configuration list for PBXProject "InnosDimmer" */ = {
			isa = XCConfigurationList;
			buildConfigurations = (
				AA000000000000000000001A /* Debug */,
				AA000000000000000000001B /* Release */,
			);
			defaultConfigurationIsVisible = 0;
			defaultConfigurationName = Release;
		};
		AA0000000000000000000011 /* Build configuration list for PBXNativeTarget "InnosDimmer" */ = {
			isa = XCConfigurationList;
			buildConfigurations = (
				AA000000000000000000001C /* Debug */,
				AA000000000000000000001D /* Release */,
			);
			defaultConfigurationIsVisible = 0;
			defaultConfigurationName = Release;
		};
		AA0000000000000000000015 /* Build configuration list for PBXNativeTarget "InnosDimmerTests" */ = {
			isa = XCConfigurationList;
			buildConfigurations = (
				AA000000000000000000001E /* Debug */,
				AA000000000000000000001F /* Release */,
			);
			defaultConfigurationIsVisible = 0;
			defaultConfigurationName = Release;
		};
/* End XCConfigurationList section */
	};
	rootObject = AA0000000000000000000003 /* Project object */;
}
